// !$*UTF8*$!
{
	archiveVersion = 1;
	classes = {
	};
	objectVersion = 50;
	objects = {

/* Begin PBXBuildFile section */
		553E9279237F3D0900E63E53 /* AppDelegate.swift in Sources */ = {isa = PBXBuildFile; fileRef = 553E9278237F3D0900E63E53 /* AppDelegate.swift */; };
		553E927B237F3D0900E63E53 /* SceneDelegate.swift in Sources */ = {isa = PBXBuildFile; fileRef = 553E927A237F3D0900E63E53 /* SceneDelegate.swift */; };
		553E927D237F3D0900E63E53 /* ContentView.swift in Sources */ = {isa = PBXBuildFile; fileRef = 553E927C237F3D0900E63E53 /* ContentView.swift */; };
		553E927F237F3D1000E63E53 /* Assets.xcassets in Resources */ = {isa = PBXBuildFile; fileRef = 553E927E237F3D1000E63E53 /* Assets.xcassets */; };
		553E9282237F3D1000E63E53 /* Preview Assets.xcassets in Resources */ = {isa = PBXBuildFile; fileRef = 553E9281237F3D1000E63E53 /* Preview Assets.xcassets */; };
		553E9285237F3D1000E63E53 /* LaunchScreen.storyboard in Resources */ = {isa = PBXBuildFile; fileRef = 553E9283237F3D1000E63E53 /* LaunchScreen.storyboard */; };
		553E928D237F413F00E63E53 /* NumberView.swift in Sources */ = {isa = PBXBuildFile; fileRef = 553E928C237F413F00E63E53 /* NumberView.swift */; };
		553E928F237F461000E63E53 /* CalculationState.swift in Sources */ = {isa = PBXBuildFile; fileRef = 553E928E237F461000E63E53 /* CalculationState.swift */; };
		553E9291237F574700E63E53 /* FunctionView.swift in Sources */ = {isa = PBXBuildFile; fileRef = 553E9290237F574700E63E53 /* FunctionView.swift */; };
		553E9293237F5BF400E63E53 /* ActionView.swift in Sources */ = {isa = PBXBuildFile; fileRef = 553E9292237F5BF400E63E53 /* ActionView.swift */; };
		557684892380552E0056F120 /* MenuView.swift in Sources */ = {isa = PBXBuildFile; fileRef = 557684882380552E0056F120 /* MenuView.swift */; };
/* End PBXBuildFile section */

/* Begin PBXFileReference section */
		553E9275237F3D0900E63E53 /* CalculatoriPad.app */ = {isa = PBXFileReference; explicitFileType = wrapper.application; includeInIndex = 0; path = CalculatoriPad.app; sourceTree = BUILT_PRODUCTS_DIR; };
		553E9278237F3D0900E63E53 /* AppDelegate.swift */ = {isa = PBXFileReference; lastKnownFileType = sourcecode.swift; path = AppDelegate.swift; sourceTree = "<group>"; };
		553E927A237F3D0900E63E53 /* SceneDelegate.swift */ = {isa = PBXFileReference; lastKnownFileType = sourcecode.swift; path = SceneDelegate.swift; sourceTree = "<group>"; };
		553E927C237F3D0900E63E53 /* ContentView.swift */ = {isa = PBXFileReference; lastKnownFileType = sourcecode.swift; path = ContentView.swift; sourceTree = "<group>"; };
		553E927E237F3D1000E63E53 /* Assets.xcassets */ = {isa = PBXFileReference; lastKnownFileType = folder.assetcatalog; path = Assets.xcassets; sourceTree = "<group>"; };
		553E9281237F3D1000E63E53 /* Preview Assets.xcassets */ = {isa = PBXFileReference; lastKnownFileType = folder.assetcatalog; path = "Preview Assets.xcassets"; sourceTree = "<group>"; };
		553E9284237F3D1000E63E53 /* Base */ = {isa = PBXFileReference; lastKnownFileType = file.storyboard; name = Base; path = Base.lproj/LaunchScreen.storyboard; sourceTree = "<group>"; };
		553E9286237F3D1000E63E53 /* Info.plist */ = {isa = PBXFileReference; lastKnownFileType = text.plist.xml; path = Info.plist; sourceTree = "<group>"; };
		553E928C237F413F00E63E53 /* NumberView.swift */ = {isa = PBXFileReference; lastKnownFileType = sourcecode.swift; path = NumberView.swift; sourceTree = "<group>"; };
		553E928E237F461000E63E53 /* CalculationState.swift */ = {isa = PBXFileReference; lastKnownFileType = sourcecode.swift; path = CalculationState.swift; sourceTree = "<group>"; };
		553E9290237F574700E63E53 /* FunctionView.swift */ = {isa = PBXFileReference; lastKnownFileType = sourcecode.swift; path = FunctionView.swift; sourceTree = "<group>"; };
		553E9292237F5BF400E63E53 /* ActionView.swift */ = {isa = PBXFileReference; lastKnownFileType = sourcecode.swift; path = ActionView.swift; sourceTree = "<group>"; };
		557684882380552E0056F120 /* MenuView.swift */ = {isa = PBXFileReference; lastKnownFileType = sourcecode.swift; path = MenuView.swift; sourceTree = "<group>"; };
/* End PBXFileReference section */

/* Begin PBXFrameworksBuildPhase section */
		553E9272237F3D0900E63E53 /* Frameworks */ = {
			isa = PBXFrameworksBuildPhase;
			buildActionMask = 2147483647;
			files = (
			);
			runOnlyForDeploymentPostprocessing = 0;
		};
/* End PBXFrameworksBuildPhase section */

/* Begin PBXGroup section */
		553E926C237F3D0900E63E53 = {
			isa = PBXGroup;
			children = (
				553E9277237F3D0900E63E53 /* CalculatoriPad */,
				553E9276237F3D0900E63E53 /* Products */,
			);
			sourceTree = "<group>";
		};
		553E9276237F3D0900E63E53 /* Products */ = {
			isa = PBXGroup;
			children = (
				553E9275237F3D0900E63E53 /* CalculatoriPad.app */,
			);
			name = Products;
			sourceTree = "<group>";
		};
		553E9277237F3D0900E63E53 /* CalculatoriPad */ = {
			isa = PBXGroup;
			children = (
				553E9278237F3D0900E63E53 /* AppDelegate.swift */,
				553E927A237F3D0900E63E53 /* SceneDelegate.swift */,
				553E927C237F3D0900E63E53 /* ContentView.swift */,
				553E928C237F413F00E63E53 /* NumberView.swift */,
				553E928E237F461000E63E53 /* CalculationState.swift */,
				553E9290237F574700E63E53 /* FunctionView.swift */,
				553E9292237F5BF400E63E53 /* ActionView.swift */,
				557684882380552E0056F120 /* MenuView.swift */,
				553E927E237F3D1000E63E53 /* Assets.xcassets */,
				553E9283237F3D1000E63E53 /* LaunchScreen.storyboard */,
				553E9286237F3D1000E63E53 /* Info.plist */,
				553E9280237F3D1000E63E53 /* Preview Content */,
			);
			path = CalculatoriPad;
			sourceTree = "<group>";
		};
		553E9280237F3D1000E63E53 /* Preview Content */ = {
			isa = PBXGroup;
			children = (
				553E9281237F3D1000E63E53 /* Preview Assets.xcassets */,
			);
			path = "Preview Content";
			sourceTree = "<group>";
		};
/* End PBXGroup section */

/* Begin PBXNativeTarget section */
		553E9274237F3D0900E63E53 /* CalculatoriPad */ = {
			isa = PBXNativeTarget;
			buildConfigurationList = 553E9289237F3D1000E63E53 /* Build configuration list for PBXNativeTarget "CalculatoriPad" */;
			buildPhases = (
				553E9271237F3D0900E63E53 /* Sources */,
				553E9272237F3D0900E63E53 /* Frameworks */,
				553E9273237F3D0900E63E53 /* Resources */,
			);
			buildRules = (
			);
			dependencies = (
			);
			name = CalculatoriPad;
			productName = CalculatoriPad;
			productReference = 553E9275237F3D0900E63E53 /* CalculatoriPad.app */;
			productType = "com.apple.product-type.application";
		};
/* End PBXNativeTarget section */

/* Begin PBXProject section */
		553E926D237F3D0900E63E53 /* Project object */ = {
			isa = PBXProject;
			attributes = {
				LastSwiftUpdateCheck = 1120;
				LastUpgradeCheck = 1120;
				ORGANIZATIONNAME = "daniel d4";
				TargetAttributes = {
					553E9274237F3D0900E63E53 = {
						CreatedOnToolsVersion = 11.2.1;
					};
				};
			};
			buildConfigurationList = 553E9270237F3D0900E63E53 /* Build configuration list for PBXProject "CalculatoriPad" */;
			compatibilityVersion = "Xcode 9.3";
			developmentRegion = en;
			hasScannedForEncodings = 0;
			knownRegions = (
				en,
				Base,
			);
			mainGroup = 553E926C237F3D0900E63E53;
			productRefGroup = 553E9276237F3D0900E63E53 /* Products */;
			projectDirPath = "";
			projectRoot = "";
			targets = (
				553E9274237F3D0900E63E53 /* CalculatoriPad */,
			);
		};
/* End PBXProject section */

/* Begin PBXResourcesBuildPhase section */
		553E9273237F3D0900E63E53 /* Resources */ = {
			isa = PBXResourcesBuildPhase;
			buildActionMask = 2147483647;
			files = (
				553E9285237F3D1000E63E53 /* LaunchScreen.storyboard in Resources */,
				553E9282237F3D1000E63E53 /* Preview Assets.xcassets in Resources */,
				553E927F237F3D1000E63E53 /* Assets.xcassets in Resources */,
			);
			runOnlyForDeploymentPostprocessing = 0;
		};
/* End PBXResourcesBuildPhase section */

/* Begin PBXSourcesBuildPhase section */
		553E9271237F3D0900E63E53 /* Sources */ = {
			isa = PBXSourcesBuildPhase;
			buildActionMask = 2147483647;
			files = (
				553E928F237F461000E63E53 /* CalculationState.swift in Sources */,
				557684892380552E0056F120 /* MenuView.swift in Sources */,
				553E9279237F3D0900E63E53 /* AppDelegate.swift in Sources */,
				553E927B237F3D0900E63E53 /* SceneDelegate.swift in Sources */,
				553E927D237F3D0900E63E53 /* ContentView.swift in Sources */,
				553E9291237F574700E63E53 /* FunctionView.swift in Sources */,
				553E928D237F413F00E63E53 /* NumberView.swift in Sources */,
				553E9293237F5BF400E63E53 /* ActionView.swift in Sources */,
			);
			runOnlyForDeploymentPostprocessing = 0;
		};
/* End PBXSourcesBuildPhase section */

/* Begin PBXVariantGroup section */
		553E9283237F3D1000E63E53 /* LaunchScreen.storyboard */ = {
			isa = PBXVariantGroup;
			children = (
				553E9284237F3D1000E63E53 /* Base */,
			);
			name = LaunchScreen.storyboard;
			sourceTree = "<group>";
		};
/* End PBXVariantGroup section */

/* Begin XCBuildConfiguration section */
		553E9287237F3D1000E63E53 /* Debug */ = {
			isa = XCBuildConfiguration;
			buildSettings = {
				ALWAYS_SEARCH_USER_PATHS = NO;
				CLANG_ANALYZER_NONNULL = YES;
				CLANG_ANALYZER_NUMBER_OBJECT_CONVERSION = YES_AGGRESSIVE;
				CLANG_CXX_LANGUAGE_STANDARD = "gnu++14";
				CLANG_CXX_LIBRARY = "libc++";
				CLANG_ENABLE_MODULES = YES;
				CLANG_ENABLE_OBJC_ARC = YES;
				CLANG_ENABLE_OBJC_WEAK = YES;
				CLANG_WARN_BLOCK_CAPTURE_AUTORELEASING = YES;
				CLANG_WARN_BOOL_CONVERSION = YES;
				CLANG_WARN_COMMA = YES;
				CLANG_WARN_CONSTANT_CONVERSION = YES;
				CLANG_WARN_DEPRECATED_OBJC_IMPLEMENTATIONS = YES;
				CLANG_WARN_DIRECT_OBJC_ISA_USAGE = YES_ERROR;
				CLANG_WARN_DOCUMENTATION_COMMENTS = YES;
				CLANG_WARN_EMPTY_BODY = YES;
				CLANG_WARN_ENUM_CONVERSION = YES;
				CLANG_WARN_INFINITE_RECURSION = YES;
				CLANG_WARN_INT_CONVERSION = YES;
				CLANG_WARN_NON_LITERAL_NULL_CONVERSION = YES;
				CLANG_WARN_OBJC_IMPLICIT_RETAIN_SELF = YES;
				CLANG_WARN_OBJC_LITERAL_CONVERSION = YES;
				CLANG_WARN_OBJC_ROOT_CLASS = YES_ERROR;
				CLANG_WARN_RANGE_LOOP_ANALYSIS = YES;
				CLANG_WARN_STRICT_PROTOTYPES = YES;
				CLANG_WARN_SUSPICIOUS_MOVE = YES;
				CLANG_WARN_UNGUARDED_AVAILABILITY = YES_AGGRESSIVE;
				CLANG_WARN_UNREACHABLE_CODE = YES;
				CLANG_WARN__DUPLICATE_METHOD_MATCH = YES;
				COPY_PHASE_STRIP = NO;
				DEBUG_INFORMATION_FORMAT = dwarf;
				ENABLE_STRICT_OBJC_MSGSEND = YES;
				ENABLE_TESTABILITY = YES;
				GCC_C_LANGUAGE_STANDARD = gnu11;
				GCC_DYNAMIC_NO_PIC = NO;
				GCC_NO_COMMON_BLOCKS = YES;
				GCC_OPTIMIZATION_LEVEL = 0;
				GCC_PREPROCESSOR_DEFINITIONS = (
					"DEBUG=1",
					"$(inherited)",
				);
				GCC_WARN_64_TO_32_BIT_CONVERSION = YES;
				GCC_WARN_ABOUT_RETURN_TYPE = YES_ERROR;
				GCC_WARN_UNDECLARED_SELECTOR = YES;
				GCC_WARN_UNINITIALIZED_AUTOS = YES_AGGRESSIVE;
				GCC_WARN_UNUSED_FUNCTION = YES;
				GCC_WARN_UNUSED_VARIABLE = YES;
				IPHONEOS_DEPLOYMENT_TARGET = 13.2;
				MTL_ENABLE_DEBUG_INFO = INCLUDE_SOURCE;
				MTL_FAST_MATH = YES;
				ONLY_ACTIVE_ARCH = YES;
				SDKROOT = iphoneos;
				SWIFT_ACTIVE_COMPILATION_CONDITIONS = DEBUG;
				SWIFT_OPTIMIZATION_LEVEL = "-Onone";
			};
			name = Debug;
		};
		553E9288237F3D1000E63E53 /* Release */ = {
			isa = XCBuildConfiguration;
			buildSettings = {
				ALWAYS_SEARCH_USER_PATHS = NO;
				CLANG_ANALYZER_NONNULL = YES;
				CLANG_ANALYZER_NUMBER_OBJECT_CONVERSION = YES_AGGRESSIVE;
				CLANG_CXX_LANGUAGE_STANDARD = "gnu++14";
				CLANG_CXX_LIBRARY = "libc++";
				CLANG_ENABLE_MODULES = YES;
				CLANG_ENABLE_OBJC_ARC = YES;
				CLANG_ENABLE_OBJC_WEAK = YES;
				CLANG_WARN_BLOCK_CAPTURE_AUTORELEASING = YES;
				CLANG_WARN_BOOL_CONVERSION = YES;
				CLANG_WARN_COMMA = YES;
				CLANG_WARN_CONSTANT_CONVERSION = YES;
				CLANG_WARN_DEPRECATED_OBJC_IMPLEMENTATIONS = YES;
				CLANG_WARN_DIRECT_OBJC_ISA_USAGE = YES_ERROR;
				CLANG_WARN_DOCUMENTATION_COMMENTS = YES;
				CLANG_WARN_EMPTY_BODY = YES;
				CLANG_WARN_ENUM_CONVERSION = YES;
				CLANG_WARN_INFINITE_RECURSION = YES;
				CLANG_WARN_INT_CONVERSION = YES;
				CLANG_WARN_NON_LITERAL_NULL_CONVERSION = YES;
				CLANG_WARN_OBJC_IMPLICIT_RETAIN_SELF = YES;
				CLANG_WARN_OBJC_LITERAL_CONVERSION = YES;
				CLANG_WARN_OBJC_ROOT_CLASS = YES_ERROR;
				CLANG_WARN_RANGE_LOOP_ANALYSIS = YES;
				CLANG_WARN_STRICT_PROTOTYPES = YES;
				CLANG_WARN_SUSPICIOUS_MOVE = YES;
				CLANG_WARN_UNGUARDED_AVAILABILITY = YES_AGGRESSIVE;
				CLANG_WARN_UNREACHABLE_CODE = YES;
				CLANG_WARN__DUPLICATE_METHOD_MATCH = YES;
				COPY_PHASE_STRIP = NO;
				DEBUG_INFORMATION_FORMAT = "dwarf-with-dsym";
				ENABLE_NS_ASSERTIONS = NO;
				ENABLE_STRICT_OBJC_MSGSEND = YES;
				GCC_C_LANGUAGE_STANDARD = gnu11;
				GCC_NO_COMMON_BLOCKS = YES;
				GCC_WARN_64_TO_32_BIT_CONVERSION = YES;
				GCC_WARN_ABOUT_RETURN_TYPE = YES_ERROR;
				GCC_WARN_UNDECLARED_SELECTOR = YES;
				GCC_WARN_UNINITIALIZED_AUTOS = YES_AGGRESSIVE;
				GCC_WARN_UNUSED_FUNCTION = YES;
				GCC_WARN_UNUSED_VARIABLE = YES;
				IPHONEOS_DEPLOYMENT_TARGET = 13.2;
				MTL_ENABLE_DEBUG_INFO = NO;
				MTL_FAST_MATH = YES;
				SDKROOT = iphoneos;
				SWIFT_COMPILATION_MODE = wholemodule;
				SWIFT_OPTIMIZATION_LEVEL = "-O";
				VALIDATE_PRODUCT = YES;
			};
			name = Release;
		};
		553E928A237F3D1000E63E53 /* Debug */ = {
			isa = XCBuildConfiguration;
			buildSettings = {
				ASSETCATALOG_COMPILER_APPICON_NAME = AppIcon;
				CODE_SIGN_STYLE = Automatic;
				DEVELOPMENT_ASSET_PATHS = "\"CalculatoriPad/Preview Content\"";
				DEVELOPMENT_TEAM = NDZY5YDWF3;
				ENABLE_PREVIEWS = YES;
				INFOPLIST_FILE = CalculatoriPad/Info.plist;
				LD_RUNPATH_SEARCH_PATHS = (
					"$(inherited)",
					"@executable_path/Frameworks",
				);
				PRODUCT_BUNDLE_IDENTIFIER = com.iosdevremi.CalculatoriPad;
				PRODUCT_NAME = "$(TARGET_NAME)";
				SWIFT_VERSION = 5.0;
				TARGETED_DEVICE_FAMILY = 2;
			};
			name = Debug;
		};
		553E928B237F3D1000E63E53 /* Release */ = {
			isa = XCBuildConfiguration;
			buildSettings = {
				ASSETCATALOG_COMPILER_APPICON_NAME = AppIcon;
				CODE_SIGN_STYLE = Automatic;
				DEVELOPMENT_ASSET_PATHS = "\"CalculatoriPad/Preview Content\"";
				DEVELOPMENT_TEAM = NDZY5YDWF3;
				ENABLE_PREVIEWS = YES;
				INFOPLIST_FILE = CalculatoriPad/Info.plist;
				LD_RUNPATH_SEARCH_PATHS = (
					"$(inherited)",
					"@executable_path/Frameworks",
				);
				PRODUCT_BUNDLE_IDENTIFIER = com.iosdevremi.CalculatoriPad;
				PRODUCT_NAME = "$(TARGET_NAME)";
				SWIFT_VERSION = 5.0;
				TARGETED_DEVICE_FAMILY = 2;
			};
			name = Release;
		};
/* End XCBuildConfiguration section */

/* Begin XCConfigurationList section */
		553E9270237F3D0900E63E53 /* Build configuration list for PBXProject "CalculatoriPad" */ = {
			isa = XCConfigurationList;
			buildConfigurations = (
				553E9287237F3D1000E63E53 /* Debug */,
				553E9288237F3D1000E63E53 /* Release */,
			);
			defaultConfigurationIsVisible = 0;
			defaultConfigurationName = Release;
		};
		553E9289237F3D1000E63E53 /* Build configuration list for PBXNativeTarget "CalculatoriPad" */ = {
			isa = XCConfigurationList;
			buildConfigurations = (
				553E928A237F3D1000E63E53 /* Debug */,
				553E928B237F3D1000E63E53 /* Release */,
			);
			defaultConfigurationIsVisible = 0;
			defaultConfigurationName = Release;
		};
/* End XCConfigurationList section */
	};
	rootObject = 553E926D237F3D0900E63E53 /* Project object */;
}
